{
  "name": "wastprac",
  "lockfileVersion": 3,
  "requires": true,
  "packages": {
    "": {
      "dependencies": {
        "readline-sync": "^1.4.10",
        "wast2wasm": "^0.0.1"
      }
    },
    "node_modules/readline-sync": {
      "version": "1.4.10",
      "resolved": "https://registry.npmjs.org/readline-sync/-/readline-sync-1.4.10.tgz",
      "integrity": "sha512-gNva8/6UAe8QYepIQH/jQ2qn91Qj0B9sYjMBBs3QOB8F2CXcKgLxQaJRP76sWVRQt+QU+8fAkCbCvjjMFu7Ycw==",
      "engines": {
        "node": ">= 0.8.0"
      }
    },
    "node_modules/wast2wasm": {
      "version": "0.0.1",
      "resolved": "https://registry.npmjs.org/wast2wasm/-/wast2wasm-0.0.1.tgz",
      "integrity": "sha512-jiw4AWipmVXCVHslHiCF9to+0mIFy3D1+QOecUHPOhTW0QR5ta38M2stjbqM99YXijNavKhblBqkx4MAkqYmTQ=="
    }
  }
}
